
Microsoft Visual Studio Solution File, Format Version 12.00
# Visual Studio Version 17
VisualStudioVersion = 17.14.36212.18 d17.14
MinimumVisualStudioVersion = 10.0.40219.1
Project("{FAE04EC0-301F-11D3-BF4B-00C04F79EFBC}") = "SkainRetroMuseumWebApp", "SkainRetroMuseumWebApp\SkainRetroMuseumWebApp.csproj", "{42FA62E9-1799-4EAD-834C-35168C5ACFB2}"
EndProject
Global
	GlobalSection(SolutionConfigurationPlatforms) = preSolution
		Debug|Any CPU = Debug|Any CPU
		Release|Any CPU = Release|Any CPU
	EndGlobalSection
	GlobalSection(ProjectConfigurationPlatforms) = postSolution
		{42FA62E9-1799-4EAD-834C-35168C5ACFB2}.Debug|Any CPU.ActiveCfg = Debug|Any CPU
		{42FA62E9-1799-4EAD-834C-35168C5ACFB2}.Debug|Any CPU.Build.0 = Debug|Any CPU
		{42FA62E9-1799-4EAD-834C-35168C5ACFB2}.Release|Any CPU.ActiveCfg = Release|Any CPU
		{42FA62E9-1799-4EAD-834C-35168C5ACFB2}.Release|Any CPU.Build.0 = Release|Any CPU
	EndGlobalSection
	GlobalSection(SolutionProperties) = preSolution
		HideSolutionNode = FALSE
	EndGlobalSection
	GlobalSection(ExtensibilityGlobals) = postSolution
		SolutionGuid = {01BB6E30-7EA9-4684-A2C7-D7F90EC59D6D}
	EndGlobalSection
EndGlobal
